<Solution>
  <Project Path="ReidFeature/ReidFeature.csproj" />
  <Project Path="ReIdMp4Cli/ReIdMp4Cli.csproj" />
  <Project Path="FaceFeature/FaceFeature.csproj" />
  <Project Path="ReidSample/ReIdSample.csproj" />
  <Project Path="MediaDownloader/MediaDownloader.csproj" />
  <Project Path="ReIdCli/ReIdCli.csproj" />
</Solution>
